
Microsoft Visual Studio Solution File, Format Version 12.00
# Visual Studio 14
VisualStudioVersion = 14.0.23107.0
MinimumVisualStudioVersion = 10.0.40219.1
Project("{FAE04EC0-301F-11D3-BF4B-00C04F79EFBC}") = "NeuralNetwork", "NeuralNetwork\NeuralNetwork.csproj", "{059B748C-D594-460B-92D4-24CB3E19FBBD}"
EndProject
Project("{FAE04EC0-301F-11D3-BF4B-00C04F79EFBC}") = "EncogPlayground", "EncogPlayground\EncogPlayground.csproj", "{F18FD064-8E8B-4D68-8CA9-1B57B66D4837}"
EndProject
Global
	GlobalSection(SolutionConfigurationPlatforms) = preSolution
		Debug|Any CPU = Debug|Any CPU
		Release|Any CPU = Release|Any CPU
	EndGlobalSection
	GlobalSection(ProjectConfigurationPlatforms) = postSolution
		{059B748C-D594-460B-92D4-24CB3E19FBBD}.Debug|Any CPU.ActiveCfg = Debug|Any CPU
		{059B748C-D594-460B-92D4-24CB3E19FBBD}.Debug|Any CPU.Build.0 = Debug|Any CPU
		{059B748C-D594-460B-92D4-24CB3E19FBBD}.Release|Any CPU.ActiveCfg = Release|Any CPU
		{059B748C-D594-460B-92D4-24CB3E19FBBD}.Release|Any CPU.Build.0 = Release|Any CPU
		{F18FD064-8E8B-4D68-8CA9-1B57B66D4837}.Debug|Any CPU.ActiveCfg = Debug|Any CPU
		{F18FD064-8E8B-4D68-8CA9-1B57B66D4837}.Debug|Any CPU.Build.0 = Debug|Any CPU
		{F18FD064-8E8B-4D68-8CA9-1B57B66D4837}.Release|Any CPU.ActiveCfg = Release|Any CPU
		{F18FD064-8E8B-4D68-8CA9-1B57B66D4837}.Release|Any CPU.Build.0 = Release|Any CPU
	EndGlobalSection
	GlobalSection(SolutionProperties) = preSolution
		HideSolutionNode = FALSE
	EndGlobalSection
EndGlobal
